// !$*UTF8*$!
{
	archiveVersion = 1;
	classes = {
	};
	objectVersion = 46;
	objects = {

/* Begin PBXBuildFile section */
		CE75B5EE1B2CC50F0099E1F8 /* main.m in Sources */ = {isa = PBXBuildFile; fileRef = CE75B5ED1B2CC50F0099E1F8 /* main.m */; };
		CE75B5F11B2CC50F0099E1F8 /* AppDelegate.m in Sources */ = {isa = PBXBuildFile; fileRef = CE75B5F01B2CC50F0099E1F8 /* AppDelegate.m */; };
		CE75B5F41B2CC50F0099E1F8 /* ViewController.m in Sources */ = {isa = PBXBuildFile; fileRef = CE75B5F31B2CC50F0099E1F8 /* ViewController.m */; };
		CE75B5F71B2CC50F0099E1F8 /* Main.storyboard in Resources */ = {isa = PBXBuildFile; fileRef = CE75B5F51B2CC50F0099E1F8 /* Main.storyboard */; };
		CE75B5F91B2CC50F0099E1F8 /* Images.xcassets in Resources */ = {isa = PBXBuildFile; fileRef = CE75B5F81B2CC50F0099E1F8 /* Images.xcassets */; };
		CE75B5FC1B2CC50F0099E1F8 /* LaunchScreen.xib in Resources */ = {isa = PBXBuildFile; fileRef = CE75B5FA1B2CC50F0099E1F8 /* LaunchScreen.xib */; };
		CE75B6081B2CC50F0099E1F8 /* test_webview_crashTests.m in Sources */ = {isa = PBXBuildFile; fileRef = CE75B6071B2CC50F0099E1F8 /* test_webview_crashTests.m */; };
		CE75B6131B2D66220099E1F8 /* test01.html in Resources */ = {isa = PBXBuildFile; fileRef = CE75B6121B2D66220099E1F8 /* test01.html */; };
/* End PBXBuildFile section */

/* Begin PBXContainerItemProxy section */
		CE75B6021B2CC50F0099E1F8 /* PBXContainerItemProxy */ = {
			isa = PBXContainerItemProxy;
			containerPortal = CE75B5E01B2CC50F0099E1F8 /* Project object */;
			proxyType = 1;
			remoteGlobalIDString = CE75B5E71B2CC50F0099E1F8;
			remoteInfo = "test-webview-crash";
		};
/* End PBXContainerItemProxy section */

/* Begin PBXFileReference section */
		CE75B5E81B2CC50F0099E1F8 /* test-webview-crash.app */ = {isa = PBXFileReference; explicitFileType = wrapper.application; includeInIndex = 0; path = "test-webview-crash.app"; sourceTree = BUILT_PRODUCTS_DIR; };
		CE75B5EC1B2CC50F0099E1F8 /* Info.plist */ = {isa = PBXFileReference; lastKnownFileType = text.plist.xml; path = Info.plist; sourceTree = "<group>"; };
		CE75B5ED1B2CC50F0099E1F8 /* main.m */ = {isa = PBXFileReference; lastKnownFileType = sourcecode.c.objc; path = main.m; sourceTree = "<group>"; };
		CE75B5EF1B2CC50F0099E1F8 /* AppDelegate.h */ = {isa = PBXFileReference; lastKnownFileType = sourcecode.c.h; path = AppDelegate.h; sourceTree = "<group>"; };
		CE75B5F01B2CC50F0099E1F8 /* AppDelegate.m */ = {isa = PBXFileReference; lastKnownFileType = sourcecode.c.objc; path = AppDelegate.m; sourceTree = "<group>"; };
		CE75B5F21B2CC50F0099E1F8 /* ViewController.h */ = {isa = PBXFileReference; lastKnownFileType = sourcecode.c.h; path = ViewController.h; sourceTree = "<group>"; };
		CE75B5F31B2CC50F0099E1F8 /* ViewController.m */ = {isa = PBXFileReference; lastKnownFileType = sourcecode.c.objc; path = ViewController.m; sourceTree = "<group>"; };
		CE75B5F61B2CC50F0099E1F8 /* Base */ = {isa = PBXFileReference; lastKnownFileType = file.storyboard; name = Base; path = Base.lproj/Main.storyboard; sourceTree = "<group>"; };
		CE75B5F81B2CC50F0099E1F8 /* Images.xcassets */ = {isa = PBXFileReference; lastKnownFileType = folder.assetcatalog; path = Images.xcassets; sourceTree = "<group>"; };
		CE75B5FB1B2CC50F0099E1F8 /* Base */ = {isa = PBXFileReference; lastKnownFileType = file.xib; name = Base; path = Base.lproj/LaunchScreen.xib; sourceTree = "<group>"; };
		CE75B6011B2CC50F0099E1F8 /* test-webview-crashTests.xctest */ = {isa = PBXFileReference; explicitFileType = wrapper.cfbundle; includeInIndex = 0; path = "test-webview-crashTests.xctest"; sourceTree = BUILT_PRODUCTS_DIR; };
		CE75B6061B2CC50F0099E1F8 /* Info.plist */ = {isa = PBXFileReference; lastKnownFileType = text.plist.xml; path = Info.plist; sourceTree = "<group>"; };
		CE75B6071B2CC50F0099E1F8 /* test_webview_crashTests.m */ = {isa = PBXFileReference; lastKnownFileType = sourcecode.c.objc; path = test_webview_crashTests.m; sourceTree = "<group>"; };
		CE75B6121B2D66220099E1F8 /* test01.html */ = {isa = PBXFileReference; fileEncoding = 4; lastKnownFileType = text.html; path = test01.html; sourceTree = "<group>"; };
/* End PBXFileReference section */

/* Begin PBXFrameworksBuildPhase section */
		CE75B5E51B2CC50F0099E1F8 /* Frameworks */ = {
			isa = PBXFrameworksBuildPhase;
			buildActionMask = 2147483647;
			files = (
			);
			runOnlyForDeploymentPostprocessing = 0;
		};
		CE75B5FE1B2CC50F0099E1F8 /* Frameworks */ = {
			isa = PBXFrameworksBuildPhase;
			buildActionMask = 2147483647;
			files = (
			);
			runOnlyForDeploymentPostprocessing = 0;
		};
/* End PBXFrameworksBuildPhase section */

/* Begin PBXGroup section */
		CE75B5DF1B2CC50F0099E1F8 = {
			isa = PBXGroup;
			children = (
				CE75B5EA1B2CC50F0099E1F8 /* test-webview-crash */,
				CE75B6041B2CC50F0099E1F8 /* test-webview-crashTests */,
				CE75B5E91B2CC50F0099E1F8 /* Products */,
			);
			sourceTree = "<group>";
		};
		CE75B5E91B2CC50F0099E1F8 /* Products */ = {
			isa = PBXGroup;
			children = (
				CE75B5E81B2CC50F0099E1F8 /* test-webview-crash.app */,
				CE75B6011B2CC50F0099E1F8 /* test-webview-crashTests.xctest */,
			);
			name = Products;
			sourceTree = "<group>";
		};
		CE75B5EA1B2CC50F0099E1F8 /* test-webview-crash */ = {
			isa = PBXGroup;
			children = (
				CE75B5EF1B2CC50F0099E1F8 /* AppDelegate.h */,
				CE75B5F01B2CC50F0099E1F8 /* AppDelegate.m */,
				CE75B5F21B2CC50F0099E1F8 /* ViewController.h */,
				CE75B5F31B2CC50F0099E1F8 /* ViewController.m */,
				CE75B5F51B2CC50F0099E1F8 /* Main.storyboard */,
				CE75B5F81B2CC50F0099E1F8 /* Images.xcassets */,
				CE75B5FA1B2CC50F0099E1F8 /* LaunchScreen.xib */,
				CE75B5EB1B2CC50F0099E1F8 /* Supporting Files */,
				CE75B6121B2D66220099E1F8 /* test01.html */,
			);
			path = "test-webview-crash";
			sourceTree = "<group>";
		};
		CE75B5EB1B2CC50F0099E1F8 /* Supporting Files */ = {
			isa = PBXGroup;
			children = (
				CE75B5EC1B2CC50F0099E1F8 /* Info.plist */,
				CE75B5ED1B2CC50F0099E1F8 /* main.m */,
			);
			name = "Supporting Files";
			sourceTree = "<group>";
		};
		CE75B6041B2CC50F0099E1F8 /* test-webview-crashTests */ = {
			isa = PBXGroup;
			children = (
				CE75B6071B2CC50F0099E1F8 /* test_webview_crashTests.m */,
				CE75B6051B2CC50F0099E1F8 /* Supporting Files */,
			);
			path = "test-webview-crashTests";
			sourceTree = "<group>";
		};
		CE75B6051B2CC50F0099E1F8 /* Supporting Files */ = {
			isa = PBXGroup;
			children = (
				CE75B6061B2CC50F0099E1F8 /* Info.plist */,
			);
			name = "Supporting Files";
			sourceTree = "<group>";
		};
/* End PBXGroup section */

/* Begin PBXNativeTarget section */
		CE75B5E71B2CC50F0099E1F8 /* test-webview-crash */ = {
			isa = PBXNativeTarget;
			buildConfigurationList = CE75B60B1B2CC50F0099E1F8 /* Build configuration list for PBXNativeTarget "test-webview-crash" */;
			buildPhases = (
				CE75B5E41B2CC50F0099E1F8 /* Sources */,
				CE75B5E51B2CC50F0099E1F8 /* Frameworks */,
				CE75B5E61B2CC50F0099E1F8 /* Resources */,
			);
			buildRules = (
			);
			dependencies = (
			);
			name = "test-webview-crash";
			productName = "test-webview-crash";
			productReference = CE75B5E81B2CC50F0099E1F8 /* test-webview-crash.app */;
			productType = "com.apple.product-type.application";
		};
		CE75B6001B2CC50F0099E1F8 /* test-webview-crashTests */ = {
			isa = PBXNativeTarget;
			buildConfigurationList = CE75B60E1B2CC50F0099E1F8 /* Build configuration list for PBXNativeTarget "test-webview-crashTests" */;
			buildPhases = (
				CE75B5FD1B2CC50F0099E1F8 /* Sources */,
				CE75B5FE1B2CC50F0099E1F8 /* Frameworks */,
				CE75B5FF1B2CC50F0099E1F8 /* Resources */,
			);
			buildRules = (
			);
			dependencies = (
				CE75B6031B2CC50F0099E1F8 /* PBXTargetDependency */,
			);
			name = "test-webview-crashTests";
			productName = "test-webview-crashTests";
			productReference = CE75B6011B2CC50F0099E1F8 /* test-webview-crashTests.xctest */;
			productType = "com.apple.product-type.bundle.unit-test";
		};
/* End PBXNativeTarget section */

/* Begin PBXProject section */
		CE75B5E01B2CC50F0099E1F8 /* Project object */ = {
			isa = PBXProject;
			attributes = {
				LastUpgradeCheck = 0630;
				ORGANIZATIONNAME = "Dayana Networks Ltd.";
				TargetAttributes = {
					CE75B5E71B2CC50F0099E1F8 = {
						CreatedOnToolsVersion = 6.3.2;
					};
					CE75B6001B2CC50F0099E1F8 = {
						CreatedOnToolsVersion = 6.3.2;
						TestTargetID = CE75B5E71B2CC50F0099E1F8;
					};
				};
			};
			buildConfigurationList = CE75B5E31B2CC50F0099E1F8 /* Build configuration list for PBXProject "test-webview-crash" */;
			compatibilityVersion = "Xcode 3.2";
			developmentRegion = English;
			hasScannedForEncodings = 0;
			knownRegions = (
				en,
				Base,
			);
			mainGroup = CE75B5DF1B2CC50F0099E1F8;
			productRefGroup = CE75B5E91B2CC50F0099E1F8 /* Products */;
			projectDirPath = "";
			projectRoot = "";
			targets = (
				CE75B5E71B2CC50F0099E1F8 /* test-webview-crash */,
				CE75B6001B2CC50F0099E1F8 /* test-webview-crashTests */,
			);
		};
/* End PBXProject section */

/* Begin PBXResourcesBuildPhase section */
		CE75B5E61B2CC50F0099E1F8 /* Resources */ = {
			isa = PBXResourcesBuildPhase;
			buildActionMask = 2147483647;
			files = (
				CE75B5F71B2CC50F0099E1F8 /* Main.storyboard in Resources */,
				CE75B5FC1B2CC50F0099E1F8 /* LaunchScreen.xib in Resources */,
				CE75B5F91B2CC50F0099E1F8 /* Images.xcassets in Resources */,
				CE75B6131B2D66220099E1F8 /* test01.html in Resources */,
			);
			runOnlyForDeploymentPostprocessing = 0;
		};
		CE75B5FF1B2CC50F0099E1F8 /* Resources */ = {
			isa = PBXResourcesBuildPhase;
			buildActionMask = 2147483647;
			files = (
			);
			runOnlyForDeploymentPostprocessing = 0;
		};
/* End PBXResourcesBuildPhase section */

/* Begin PBXSourcesBuildPhase section */
		CE75B5E41B2CC50F0099E1F8 /* Sources */ = {
			isa = PBXSourcesBuildPhase;
			buildActionMask = 2147483647;
			files = (
				CE75B5F41B2CC50F0099E1F8 /* ViewController.m in Sources */,
				CE75B5F11B2CC50F0099E1F8 /* AppDelegate.m in Sources */,
				CE75B5EE1B2CC50F0099E1F8 /* main.m in Sources */,
			);
			runOnlyForDeploymentPostprocessing = 0;
		};
		CE75B5FD1B2CC50F0099E1F8 /* Sources */ = {
			isa = PBXSourcesBuildPhase;
			buildActionMask = 2147483647;
			files = (
				CE75B6081B2CC50F0099E1F8 /* test_webview_crashTests.m in Sources */,
			);
			runOnlyForDeploymentPostprocessing = 0;
		};
/* End PBXSourcesBuildPhase section */

/* Begin PBXTargetDependency section */
		CE75B6031B2CC50F0099E1F8 /* PBXTargetDependency */ = {
			isa = PBXTargetDependency;
			target = CE75B5E71B2CC50F0099E1F8 /* test-webview-crash */;
			targetProxy = CE75B6021B2CC50F0099E1F8 /* PBXContainerItemProxy */;
		};
/* End PBXTargetDependency section */

/* Begin PBXVariantGroup section */
		CE75B5F51B2CC50F0099E1F8 /* Main.storyboard */ = {
			isa = PBXVariantGroup;
			children = (
				CE75B5F61B2CC50F0099E1F8 /* Base */,
			);
			name = Main.storyboard;
			sourceTree = "<group>";
		};
		CE75B5FA1B2CC50F0099E1F8 /* LaunchScreen.xib */ = {
			isa = PBXVariantGroup;
			children = (
				CE75B5FB1B2CC50F0099E1F8 /* Base */,
			);
			name = LaunchScreen.xib;
			sourceTree = "<group>";
		};
/* End PBXVariantGroup section */

/* Begin XCBuildConfiguration section */
		CE75B6091B2CC50F0099E1F8 /* Debug */ = {
			isa = XCBuildConfiguration;
			buildSettings = {
				ALWAYS_SEARCH_USER_PATHS = NO;
				CLANG_CXX_LANGUAGE_STANDARD = "gnu++0x";
				CLANG_CXX_LIBRARY = "libc++";
				CLANG_ENABLE_MODULES = YES;
				CLANG_ENABLE_OBJC_ARC = YES;
				CLANG_WARN_BOOL_CONVERSION = YES;
				CLANG_WARN_CONSTANT_CONVERSION = YES;
				CLANG_WARN_DIRECT_OBJC_ISA_USAGE = YES_ERROR;
				CLANG_WARN_EMPTY_BODY = YES;
				CLANG_WARN_ENUM_CONVERSION = YES;
				CLANG_WARN_INT_CONVERSION = YES;
				CLANG_WARN_OBJC_ROOT_CLASS = YES_ERROR;
				CLANG_WARN_UNREACHABLE_CODE = YES;
				CLANG_WARN__DUPLICATE_METHOD_MATCH = YES;
				"CODE_SIGN_IDENTITY[sdk=iphoneos*]" = "iPhone Developer";
				COPY_PHASE_STRIP = NO;
				DEBUG_INFORMATION_FORMAT = "dwarf-with-dsym";
				ENABLE_STRICT_OBJC_MSGSEND = YES;
				GCC_C_LANGUAGE_STANDARD = gnu99;
				GCC_DYNAMIC_NO_PIC = NO;
				GCC_NO_COMMON_BLOCKS = YES;
				GCC_OPTIMIZATION_LEVEL = 0;
				GCC_PREPROCESSOR_DEFINITIONS = (
					"DEBUG=1",
					"$(inherited)",
				);
				GCC_SYMBOLS_PRIVATE_EXTERN = NO;
				GCC_WARN_64_TO_32_BIT_CONVERSION = YES;
				GCC_WARN_ABOUT_RETURN_TYPE = YES_ERROR;
				GCC_WARN_UNDECLARED_SELECTOR = YES;
				GCC_WARN_UNINITIALIZED_AUTOS = YES_AGGRESSIVE;
				GCC_WARN_UNUSED_FUNCTION = YES;
				GCC_WARN_UNUSED_VARIABLE = YES;
				IPHONEOS_DEPLOYMENT_TARGET = 8.3;
				MTL_ENABLE_DEBUG_INFO = YES;
				ONLY_ACTIVE_ARCH = YES;
				SDKROOT = iphoneos;
				TARGETED_DEVICE_FAMILY = "1,2";
			};
			name = Debug;
		};
		CE75B60A1B2CC50F0099E1F8 /* Release */ = {
			isa = XCBuildConfiguration;
			buildSettings = {
				ALWAYS_SEARCH_USER_PATHS = NO;
				CLANG_CXX_LANGUAGE_STANDARD = "gnu++0x";
				CLANG_CXX_LIBRARY = "libc++";
				CLANG_ENABLE_MODULES = YES;
				CLANG_ENABLE_OBJC_ARC = YES;
				CLANG_WARN_BOOL_CONVERSION = YES;
				CLANG_WARN_CONSTANT_CONVERSION = YES;
				CLANG_WARN_DIRECT_OBJC_ISA_USAGE = YES_ERROR;
				CLANG_WARN_EMPTY_BODY = YES;
				CLANG_WARN_ENUM_CONVERSION = YES;
				CLANG_WARN_INT_CONVERSION = YES;
				CLANG_WARN_OBJC_ROOT_CLASS = YES_ERROR;
				CLANG_WARN_UNREACHABLE_CODE = YES;
				CLANG_WARN__DUPLICATE_METHOD_MATCH = YES;
				"CODE_SIGN_IDENTITY[sdk=iphoneos*]" = "iPhone Developer";
				COPY_PHASE_STRIP = NO;
				DEBUG_INFORMATION_FORMAT = "dwarf-with-dsym";
				ENABLE_NS_ASSERTIONS = NO;
				ENABLE_STRICT_OBJC_MSGSEND = YES;
				GCC_C_LANGUAGE_STANDARD = gnu99;
				GCC_NO_COMMON_BLOCKS = YES;
				GCC_WARN_64_TO_32_BIT_CONVERSION = YES;
				GCC_WARN_ABOUT_RETURN_TYPE = YES_ERROR;
				GCC_WARN_UNDECLARED_SELECTOR = YES;
				GCC_WARN_UNINITIALIZED_AUTOS = YES_AGGRESSIVE;
				GCC_WARN_UNUSED_FUNCTION = YES;
				GCC_WARN_UNUSED_VARIABLE = YES;
				IPHONEOS_DEPLOYMENT_TARGET = 8.3;
				MTL_ENABLE_DEBUG_INFO = NO;
				SDKROOT = iphoneos;
				TARGETED_DEVICE_FAMILY = "1,2";
				VALIDATE_PRODUCT = YES;
			};
			name = Release;
		};
		CE75B60C1B2CC50F0099E1F8 /* Debug */ = {
			isa = XCBuildConfiguration;
			buildSettings = {
				ASSETCATALOG_COMPILER_APPICON_NAME = AppIcon;
				INFOPLIST_FILE = "test-webview-crash/Info.plist";
				LD_RUNPATH_SEARCH_PATHS = "$(inherited) @executable_path/Frameworks";
				PRODUCT_NAME = "$(TARGET_NAME)";
			};
			name = Debug;
		};
		CE75B60D1B2CC50F0099E1F8 /* Release */ = {
			isa = XCBuildConfiguration;
			buildSettings = {
				ASSETCATALOG_COMPILER_APPICON_NAME = AppIcon;
				INFOPLIST_FILE = "test-webview-crash/Info.plist";
				LD_RUNPATH_SEARCH_PATHS = "$(inherited) @executable_path/Frameworks";
				PRODUCT_NAME = "$(TARGET_NAME)";
			};
			name = Release;
		};
		CE75B60F1B2CC50F0099E1F8 /* Debug */ = {
			isa = XCBuildConfiguration;
			buildSettings = {
				BUNDLE_LOADER = "$(TEST_HOST)";
				FRAMEWORK_SEARCH_PATHS = (
					"$(SDKROOT)/Developer/Library/Frameworks",
					"$(inherited)",
				);
				GCC_PREPROCESSOR_DEFINITIONS = (
					"DEBUG=1",
					"$(inherited)",
				);
				INFOPLIST_FILE = "test-webview-crashTests/Info.plist";
				LD_RUNPATH_SEARCH_PATHS = "$(inherited) @executable_path/Frameworks @loader_path/Frameworks";
				PRODUCT_NAME = "$(TARGET_NAME)";
				TEST_HOST = "$(BUILT_PRODUCTS_DIR)/test-webview-crash.app/test-webview-crash";
			};
			name = Debug;
		};
		CE75B6101B2CC50F0099E1F8 /* Release */ = {
			isa = XCBuildConfiguration;
			buildSettings = {
				BUNDLE_LOADER = "$(TEST_HOST)";
				FRAMEWORK_SEARCH_PATHS = (
					"$(SDKROOT)/Developer/Library/Frameworks",
					"$(inherited)",
				);
				INFOPLIST_FILE = "test-webview-crashTests/Info.plist";
				LD_RUNPATH_SEARCH_PATHS = "$(inherited) @executable_path/Frameworks @loader_path/Frameworks";
				PRODUCT_NAME = "$(TARGET_NAME)";
				TEST_HOST = "$(BUILT_PRODUCTS_DIR)/test-webview-crash.app/test-webview-crash";
			};
			name = Release;
		};
/* End XCBuildConfiguration section */

/* Begin XCConfigurationList section */
		CE75B5E31B2CC50F0099E1F8 /* Build configuration list for PBXProject "test-webview-crash" */ = {
			isa = XCConfigurationList;
			buildConfigurations = (
				CE75B6091B2CC50F0099E1F8 /* Debug */,
				CE75B60A1B2CC50F0099E1F8 /* Release */,
			);
			defaultConfigurationIsVisible = 0;
			defaultConfigurationName = Release;
		};
		CE75B60B1B2CC50F0099E1F8 /* Build configuration list for PBXNativeTarget "test-webview-crash" */ = {
			isa = XCConfigurationList;
			buildConfigurations = (
				CE75B60C1B2CC50F0099E1F8 /* Debug */,
				CE75B60D1B2CC50F0099E1F8 /* Release */,
			);
			defaultConfigurationIsVisible = 0;
			defaultConfigurationName = Release;
		};
		CE75B60E1B2CC50F0099E1F8 /* Build configuration list for PBXNativeTarget "test-webview-crashTests" */ = {
			isa = XCConfigurationList;
			buildConfigurations = (
				CE75B60F1B2CC50F0099E1F8 /* Debug */,
				CE75B6101B2CC50F0099E1F8 /* Release */,
			);
			defaultConfigurationIsVisible = 0;
			defaultConfigurationName = Release;
		};
/* End XCConfigurationList section */
	};
	rootObject = CE75B5E01B2CC50F0099E1F8 /* Project object */;
}
